
Microsoft Visual Studio Solution File, Format Version 12.00
# Visual Studio Version 16
VisualStudioVersion = 16.0.29112.163
MinimumVisualStudioVersion = 10.0.40219.1
Project("{9A19103F-16F7-4668-BE54-9A1E7A4F7556}") = "ClientApplication", "samples\ClientApplication\ClientApplication.csproj", "{44A257ED-D3A7-4170-BE67-4392F2A6FE18}"
EndProject
Project("{9A19103F-16F7-4668-BE54-9A1E7A4F7556}") = "Bedrock.Framework", "src\Bedrock.Framework\Bedrock.Framework.csproj", "{53CD2C10-7FA3-4816-A44B-66E11B656102}"
EndProject
Project("{9A19103F-16F7-4668-BE54-9A1E7A4F7556}") = "ServerApplication", "samples\ServerApplication\ServerApplication.csproj", "{4CB0147D-BCEB-43A7-8F21-D144F7E9B462}"
EndProject
Project("{2150E333-8FDC-42A3-9474-1A3956D46DE8}") = "src", "src", "{BE56BD3F-A489-42F7-A3E3-93AE5A0A54E2}"
EndProject
Project("{2150E333-8FDC-42A3-9474-1A3956D46DE8}") = "samples", "samples", "{B0C0F79A-2A88-4ADB-9E15-62C1EA26A96D}"
EndProject
Project("{2150E333-8FDC-42A3-9474-1A3956D46DE8}") = "tests", "tests", "{1F47B42E-790F-48AA-8BFB-AD1986D05A67}"
EndProject
Project("{9A19103F-16F7-4668-BE54-9A1E7A4F7556}") = "Bedrock.Framework.Tests", "tests\Bedrock.Framework.Tests\Bedrock.Framework.Tests.csproj", "{37FED75D-A02F-43AF-B888-F331634C3FA7}"
EndProject
Project("{2150E333-8FDC-42A3-9474-1A3956D46DE8}") = "Solution Items", "Solution Items", "{EA6E96E9-C7CC-4051-8E3A-28236CE32CFD}"
	ProjectSection(SolutionItems) = preProject
		Directory.Build.props = Directory.Build.props
	EndProjectSection
EndProject
Project("{9A19103F-16F7-4668-BE54-9A1E7A4F7556}") = "Bedrock.Framework.Experimental", "src\Bedrock.Framework.Experimental\Bedrock.Framework.Experimental.csproj", "{B77439AE-01C0-4877-AF91-180D521F6E55}"
EndProject
Project("{9A19103F-16F7-4668-BE54-9A1E7A4F7556}") = "Bedrock.Framework.Benchmarks", "tests\Bedrock.Framework.Benchmarks\Bedrock.Framework.Benchmarks.csproj", "{E4532856-96A9-47F1-9718-9FD596362493}"
EndProject
Project("{2150E333-8FDC-42A3-9474-1A3956D46DE8}") = "Kafka", "Kafka", "{23585417-6B3E-4282-84C4-04EE8544F083}"
EndProject
Project("{9A19103F-16F7-4668-BE54-9A1E7A4F7556}") = "Bedrock.Framework.Experimental.Protocols.Kafka.Tests", "tests\Kafka\Bedrock.Framework.Experimental.Protocols.Kafka.Tests\Bedrock.Framework.Experimental.Protocols.Kafka.Tests.csproj", "{D6B104E2-7FDF-4180-B0BD-8CC10EECF060}"
EndProject
Project("{9A19103F-16F7-4668-BE54-9A1E7A4F7556}") = "Bedrock.Framework.Experimental.Protocols.Kafka.Benchmarks", "tests\Kafka\Bedrock.Framework.Experimental.Protocols.Kafka.Benchmarks\Bedrock.Framework.Experimental.Protocols.Kafka.Benchmarks.csproj", "{AEC87307-8E4A-4418-B0A2-FC924A4CB61F}"
EndProject
Global
	GlobalSection(SolutionConfigurationPlatforms) = preSolution
		Debug|Any CPU = Debug|Any CPU
		Release|Any CPU = Release|Any CPU
	EndGlobalSection
	GlobalSection(ProjectConfigurationPlatforms) = postSolution
		{44A257ED-D3A7-4170-BE67-4392F2A6FE18}.Debug|Any CPU.ActiveCfg = Debug|Any CPU
		{44A257ED-D3A7-4170-BE67-4392F2A6FE18}.Debug|Any CPU.Build.0 = Debug|Any CPU
		{44A257ED-D3A7-4170-BE67-4392F2A6FE18}.Release|Any CPU.ActiveCfg = Release|Any CPU
		{44A257ED-D3A7-4170-BE67-4392F2A6FE18}.Release|Any CPU.Build.0 = Release|Any CPU
		{53CD2C10-7FA3-4816-A44B-66E11B656102}.Debug|Any CPU.ActiveCfg = Debug|Any CPU
		{53CD2C10-7FA3-4816-A44B-66E11B656102}.Debug|Any CPU.Build.0 = Debug|Any CPU
		{53CD2C10-7FA3-4816-A44B-66E11B656102}.Release|Any CPU.ActiveCfg = Release|Any CPU
		{53CD2C10-7FA3-4816-A44B-66E11B656102}.Release|Any CPU.Build.0 = Release|Any CPU
		{4CB0147D-BCEB-43A7-8F21-D144F7E9B462}.Debug|Any CPU.ActiveCfg = Debug|Any CPU
		{4CB0147D-BCEB-43A7-8F21-D144F7E9B462}.Debug|Any CPU.Build.0 = Debug|Any CPU
		{4CB0147D-BCEB-43A7-8F21-D144F7E9B462}.Release|Any CPU.ActiveCfg = Release|Any CPU
		{4CB0147D-BCEB-43A7-8F21-D144F7E9B462}.Release|Any CPU.Build.0 = Release|Any CPU
		{37FED75D-A02F-43AF-B888-F331634C3FA7}.Debug|Any CPU.ActiveCfg = Debug|Any CPU
		{37FED75D-A02F-43AF-B888-F331634C3FA7}.Debug|Any CPU.Build.0 = Debug|Any CPU
		{37FED75D-A02F-43AF-B888-F331634C3FA7}.Release|Any CPU.ActiveCfg = Release|Any CPU
		{37FED75D-A02F-43AF-B888-F331634C3FA7}.Release|Any CPU.Build.0 = Release|Any CPU
		{B77439AE-01C0-4877-AF91-180D521F6E55}.Debug|Any CPU.ActiveCfg = Debug|Any CPU
		{B77439AE-01C0-4877-AF91-180D521F6E55}.Debug|Any CPU.Build.0 = Debug|Any CPU
		{B77439AE-01C0-4877-AF91-180D521F6E55}.Release|Any CPU.ActiveCfg = Release|Any CPU
		{B77439AE-01C0-4877-AF91-180D521F6E55}.Release|Any CPU.Build.0 = Release|Any CPU
		{E4532856-96A9-47F1-9718-9FD596362493}.Debug|Any CPU.ActiveCfg = Debug|Any CPU
		{E4532856-96A9-47F1-9718-9FD596362493}.Debug|Any CPU.Build.0 = Debug|Any CPU
		{E4532856-96A9-47F1-9718-9FD596362493}.Release|Any CPU.ActiveCfg = Release|Any CPU
		{E4532856-96A9-47F1-9718-9FD596362493}.Release|Any CPU.Build.0 = Release|Any CPU
		{D6B104E2-7FDF-4180-B0BD-8CC10EECF060}.Debug|Any CPU.ActiveCfg = Debug|Any CPU
		{D6B104E2-7FDF-4180-B0BD-8CC10EECF060}.Debug|Any CPU.Build.0 = Debug|Any CPU
		{D6B104E2-7FDF-4180-B0BD-8CC10EECF060}.Release|Any CPU.ActiveCfg = Release|Any CPU
		{D6B104E2-7FDF-4180-B0BD-8CC10EECF060}.Release|Any CPU.Build.0 = Release|Any CPU
		{AEC87307-8E4A-4418-B0A2-FC924A4CB61F}.Debug|Any CPU.ActiveCfg = Debug|Any CPU
		{AEC87307-8E4A-4418-B0A2-FC924A4CB61F}.Debug|Any CPU.Build.0 = Debug|Any CPU
		{AEC87307-8E4A-4418-B0A2-FC924A4CB61F}.Release|Any CPU.ActiveCfg = Release|Any CPU
		{AEC87307-8E4A-4418-B0A2-FC924A4CB61F}.Release|Any CPU.Build.0 = Release|Any CPU
	EndGlobalSection
	GlobalSection(SolutionProperties) = preSolution
		HideSolutionNode = FALSE
	EndGlobalSection
	GlobalSection(NestedProjects) = preSolution
		{44A257ED-D3A7-4170-BE67-4392F2A6FE18} = {B0C0F79A-2A88-4ADB-9E15-62C1EA26A96D}
		{53CD2C10-7FA3-4816-A44B-66E11B656102} = {BE56BD3F-A489-42F7-A3E3-93AE5A0A54E2}
		{4CB0147D-BCEB-43A7-8F21-D144F7E9B462} = {B0C0F79A-2A88-4ADB-9E15-62C1EA26A96D}
		{37FED75D-A02F-43AF-B888-F331634C3FA7} = {1F47B42E-790F-48AA-8BFB-AD1986D05A67}
		{B77439AE-01C0-4877-AF91-180D521F6E55} = {BE56BD3F-A489-42F7-A3E3-93AE5A0A54E2}
		{E4532856-96A9-47F1-9718-9FD596362493} = {1F47B42E-790F-48AA-8BFB-AD1986D05A67}
		{23585417-6B3E-4282-84C4-04EE8544F083} = {1F47B42E-790F-48AA-8BFB-AD1986D05A67}
		{D6B104E2-7FDF-4180-B0BD-8CC10EECF060} = {23585417-6B3E-4282-84C4-04EE8544F083}
		{AEC87307-8E4A-4418-B0A2-FC924A4CB61F} = {23585417-6B3E-4282-84C4-04EE8544F083}
	EndGlobalSection
	GlobalSection(ExtensibilityGlobals) = postSolution
		SolutionGuid = {05222274-E7CB-4ABA-9ADF-4A3DBB1D0417}
	EndGlobalSection
EndGlobal
