
Microsoft Visual Studio Solution File, Format Version 12.00
# Visual Studio Version 16
VisualStudioVersion = 16.0.29112.163
MinimumVisualStudioVersion = 10.0.40219.1
Project("{9A19103F-16F7-4668-BE54-9A1E7A4F7556}") = "ClientApplication", "ClientApplication\ClientApplication.csproj", "{44A257ED-D3A7-4170-BE67-4392F2A6FE18}"
EndProject
Project("{9A19103F-16F7-4668-BE54-9A1E7A4F7556}") = "Bedrock.Framework", "Bedrock.Framework\Bedrock.Framework.csproj", "{53CD2C10-7FA3-4816-A44B-66E11B656102}"
EndProject
Project("{9A19103F-16F7-4668-BE54-9A1E7A4F7556}") = "ServerApplication", "ServerApplication\ServerApplication.csproj", "{4CB0147D-BCEB-43A7-8F21-D144F7E9B462}"
EndProject
Project("{FAE04EC0-301F-11D3-BF4B-00C04F79EFBC}") = "DistributedApplication", "DistributedApplication\DistributedApplication.csproj", "{CC34D2C9-A20F-4E20-A9E0-973754F019ED}"
EndProject
Global
	GlobalSection(SolutionConfigurationPlatforms) = preSolution
		Debug|Any CPU = Debug|Any CPU
		Release|Any CPU = Release|Any CPU
	EndGlobalSection
	GlobalSection(ProjectConfigurationPlatforms) = postSolution
		{44A257ED-D3A7-4170-BE67-4392F2A6FE18}.Debug|Any CPU.ActiveCfg = Debug|Any CPU
		{44A257ED-D3A7-4170-BE67-4392F2A6FE18}.Debug|Any CPU.Build.0 = Debug|Any CPU
		{44A257ED-D3A7-4170-BE67-4392F2A6FE18}.Release|Any CPU.ActiveCfg = Release|Any CPU
		{44A257ED-D3A7-4170-BE67-4392F2A6FE18}.Release|Any CPU.Build.0 = Release|Any CPU
		{53CD2C10-7FA3-4816-A44B-66E11B656102}.Debug|Any CPU.ActiveCfg = Debug|Any CPU
		{53CD2C10-7FA3-4816-A44B-66E11B656102}.Debug|Any CPU.Build.0 = Debug|Any CPU
		{53CD2C10-7FA3-4816-A44B-66E11B656102}.Release|Any CPU.ActiveCfg = Release|Any CPU
		{53CD2C10-7FA3-4816-A44B-66E11B656102}.Release|Any CPU.Build.0 = Release|Any CPU
		{4CB0147D-BCEB-43A7-8F21-D144F7E9B462}.Debug|Any CPU.ActiveCfg = Debug|Any CPU
		{4CB0147D-BCEB-43A7-8F21-D144F7E9B462}.Debug|Any CPU.Build.0 = Debug|Any CPU
		{4CB0147D-BCEB-43A7-8F21-D144F7E9B462}.Release|Any CPU.ActiveCfg = Release|Any CPU
		{4CB0147D-BCEB-43A7-8F21-D144F7E9B462}.Release|Any CPU.Build.0 = Release|Any CPU
		{CC34D2C9-A20F-4E20-A9E0-973754F019ED}.Debug|Any CPU.ActiveCfg = Debug|Any CPU
		{CC34D2C9-A20F-4E20-A9E0-973754F019ED}.Debug|Any CPU.Build.0 = Debug|Any CPU
		{CC34D2C9-A20F-4E20-A9E0-973754F019ED}.Release|Any CPU.ActiveCfg = Release|Any CPU
		{CC34D2C9-A20F-4E20-A9E0-973754F019ED}.Release|Any CPU.Build.0 = Release|Any CPU
	EndGlobalSection
	GlobalSection(SolutionProperties) = preSolution
		HideSolutionNode = FALSE
	EndGlobalSection
	GlobalSection(ExtensibilityGlobals) = postSolution
		SolutionGuid = {05222274-E7CB-4ABA-9ADF-4A3DBB1D0417}
	EndGlobalSection
EndGlobal
